
Microsoft Visual Studio Solution File, Format Version 12.00
# Visual Studio Version 16
VisualStudioVersion = 16.0.30804.86
MinimumVisualStudioVersion = 10.0.40219.1
Project("{FAE04EC0-301F-11D3-BF4B-00C04F79EFBC}") = "mock_compare", "mock_compare.csproj", "{B36064A0-5313-44F8-A969-610BF18F1076}"
EndProject
Global
	GlobalSection(SolutionConfigurationPlatforms) = preSolution
		Debug|Any CPU = Debug|Any CPU
		Release|Any CPU = Release|Any CPU
	EndGlobalSection
	GlobalSection(ProjectConfigurationPlatforms) = postSolution
		{B36064A0-5313-44F8-A969-610BF18F1076}.Debug|Any CPU.ActiveCfg = Debug|Any CPU
		{B36064A0-5313-44F8-A969-610BF18F1076}.Debug|Any CPU.Build.0 = Debug|Any CPU
		{B36064A0-5313-44F8-A969-610BF18F1076}.Release|Any CPU.ActiveCfg = Release|Any CPU
		{B36064A0-5313-44F8-A969-610BF18F1076}.Release|Any CPU.Build.0 = Release|Any CPU
	EndGlobalSection
	GlobalSection(SolutionProperties) = preSolution
		HideSolutionNode = FALSE
	EndGlobalSection
	GlobalSection(ExtensibilityGlobals) = postSolution
		SolutionGuid = {48B36634-6476-49B8-8F29-A791DAC5209C}
	EndGlobalSection
EndGlobal
